// !$*UTF8*$!
{
	archiveVersion = 1;
	classes = {
	};
	objectVersion = 55;
	objects = {

/* Begin PBXBuildFile section */
		C74FC9DC28A15E8F002CE03D /* SnakeGameApp.swift in Sources */ = {isa = PBXBuildFile; fileRef = C74FC9DB28A15E8F002CE03D /* SnakeGameApp.swift */; };
		C74FC9E028A15E90002CE03D /* Assets.xcassets in Resources */ = {isa = PBXBuildFile; fileRef = C74FC9DF28A15E90002CE03D /* Assets.xcassets */; };
		C74FC9E328A15E90002CE03D /* Preview Assets.xcassets in Resources */ = {isa = PBXBuildFile; fileRef = C74FC9E228A15E90002CE03D /* Preview Assets.xcassets */; };
		C74FC9ED28A15F25002CE03D /* SnakeGameModel.swift in Sources */ = {isa = PBXBuildFile; fileRef = C74FC9EC28A15F25002CE03D /* SnakeGameModel.swift */; };
		C74FC9EF28A15F2B002CE03D /* SnakeGameView.swift in Sources */ = {isa = PBXBuildFile; fileRef = C74FC9EE28A15F2B002CE03D /* SnakeGameView.swift */; };
		C74FC9F128A15F33002CE03D /* SnakeGameViewModel.swift in Sources */ = {isa = PBXBuildFile; fileRef = C74FC9F028A15F33002CE03D /* SnakeGameViewModel.swift */; };
/* End PBXBuildFile section */

/* Begin PBXFileReference section */
		C74FC9D828A15E8F002CE03D /* SnakeGame.app */ = {isa = PBXFileReference; explicitFileType = wrapper.application; includeInIndex = 0; path = SnakeGame.app; sourceTree = BUILT_PRODUCTS_DIR; };
		C74FC9DB28A15E8F002CE03D /* SnakeGameApp.swift */ = {isa = PBXFileReference; lastKnownFileType = sourcecode.swift; path = SnakeGameApp.swift; sourceTree = "<group>"; };
		C74FC9DF28A15E90002CE03D /* Assets.xcassets */ = {isa = PBXFileReference; lastKnownFileType = folder.assetcatalog; path = Assets.xcassets; sourceTree = "<group>"; };
		C74FC9E228A15E90002CE03D /* Preview Assets.xcassets */ = {isa = PBXFileReference; lastKnownFileType = folder.assetcatalog; path = "Preview Assets.xcassets"; sourceTree = "<group>"; };
		C74FC9EC28A15F25002CE03D /* SnakeGameModel.swift */ = {isa = PBXFileReference; fileEncoding = 4; lastKnownFileType = sourcecode.swift; path = SnakeGameModel.swift; sourceTree = "<group>"; };
		C74FC9EE28A15F2B002CE03D /* SnakeGameView.swift */ = {isa = PBXFileReference; fileEncoding = 4; lastKnownFileType = sourcecode.swift; path = SnakeGameView.swift; sourceTree = "<group>"; };
		C74FC9F028A15F33002CE03D /* SnakeGameViewModel.swift */ = {isa = PBXFileReference; fileEncoding = 4; lastKnownFileType = sourcecode.swift; path = SnakeGameViewModel.swift; sourceTree = "<group>"; };
/* End PBXFileReference section */

/* Begin PBXFrameworksBuildPhase section */
		C74FC9D528A15E8F002CE03D /* Frameworks */ = {
			isa = PBXFrameworksBuildPhase;
			buildActionMask = 2147483647;
			files = (
			);
			runOnlyForDeploymentPostprocessing = 0;
		};
/* End PBXFrameworksBuildPhase section */

/* Begin PBXGroup section */
		C74FC9CF28A15E8E002CE03D = {
			isa = PBXGroup;
			children = (
				C74FC9DA28A15E8F002CE03D /* SnakeGame */,
				C74FC9D928A15E8F002CE03D /* Products */,
			);
			sourceTree = "<group>";
		};
		C74FC9D928A15E8F002CE03D /* Products */ = {
			isa = PBXGroup;
			children = (
				C74FC9D828A15E8F002CE03D /* SnakeGame.app */,
			);
			name = Products;
			sourceTree = "<group>";
		};
		C74FC9DA28A15E8F002CE03D /* SnakeGame */ = {
			isa = PBXGroup;
			children = (
				C74FC9EB28A15EB5002CE03D /* Model */,
				C74FC9EA28A15EA8002CE03D /* ViewModel */,
				C74FC9E928A15EA4002CE03D /* View */,
				C74FC9DB28A15E8F002CE03D /* SnakeGameApp.swift */,
				C74FC9DF28A15E90002CE03D /* Assets.xcassets */,
				C74FC9E128A15E90002CE03D /* Preview Content */,
			);
			path = SnakeGame;
			sourceTree = "<group>";
		};
		C74FC9E128A15E90002CE03D /* Preview Content */ = {
			isa = PBXGroup;
			children = (
				C74FC9E228A15E90002CE03D /* Preview Assets.xcassets */,
			);
			path = "Preview Content";
			sourceTree = "<group>";
		};
		C74FC9E928A15EA4002CE03D /* View */ = {
			isa = PBXGroup;
			children = (
				C74FC9EE28A15F2B002CE03D /* SnakeGameView.swift */,
			);
			path = View;
			sourceTree = "<group>";
		};
		C74FC9EA28A15EA8002CE03D /* ViewModel */ = {
			isa = PBXGroup;
			children = (
				C74FC9F028A15F33002CE03D /* SnakeGameViewModel.swift */,
			);
			path = ViewModel;
			sourceTree = "<group>";
		};
		C74FC9EB28A15EB5002CE03D /* Model */ = {
			isa = PBXGroup;
			children = (
				C74FC9EC28A15F25002CE03D /* SnakeGameModel.swift */,
			);
			path = Model;
			sourceTree = "<group>";
		};
/* End PBXGroup section */

/* Begin PBXNativeTarget section */
		C74FC9D728A15E8F002CE03D /* SnakeGame */ = {
			isa = PBXNativeTarget;
			buildConfigurationList = C74FC9E628A15E90002CE03D /* Build configuration list for PBXNativeTarget "SnakeGame" */;
			buildPhases = (
				C74FC9D428A15E8F002CE03D /* Sources */,
				C74FC9D528A15E8F002CE03D /* Frameworks */,
				C74FC9D628A15E8F002CE03D /* Resources */,
			);
			buildRules = (
			);
			dependencies = (
			);
			name = SnakeGame;
			productName = SnakeGame;
			productReference = C74FC9D828A15E8F002CE03D /* SnakeGame.app */;
			productType = "com.apple.product-type.application";
		};
/* End PBXNativeTarget section */

/* Begin PBXProject section */
		C74FC9D028A15E8E002CE03D /* Project object */ = {
			isa = PBXProject;
			attributes = {
				BuildIndependentTargetsInParallel = 1;
				LastSwiftUpdateCheck = 1330;
				LastUpgradeCheck = 1330;
				TargetAttributes = {
					C74FC9D728A15E8F002CE03D = {
						CreatedOnToolsVersion = 13.3.1;
					};
				};
			};
			buildConfigurationList = C74FC9D328A15E8F002CE03D /* Build configuration list for PBXProject "SnakeGame" */;
			compatibilityVersion = "Xcode 13.0";
			developmentRegion = en;
			hasScannedForEncodings = 0;
			knownRegions = (
				en,
				Base,
			);
			mainGroup = C74FC9CF28A15E8E002CE03D;
			productRefGroup = C74FC9D928A15E8F002CE03D /* Products */;
			projectDirPath = "";
			projectRoot = "";
			targets = (
				C74FC9D728A15E8F002CE03D /* SnakeGame */,
			);
		};
/* End PBXProject section */

/* Begin PBXResourcesBuildPhase section */
		C74FC9D628A15E8F002CE03D /* Resources */ = {
			isa = PBXResourcesBuildPhase;
			buildActionMask = 2147483647;
			files = (
				C74FC9E328A15E90002CE03D /* Preview Assets.xcassets in Resources */,
				C74FC9E028A15E90002CE03D /* Assets.xcassets in Resources */,
			);
			runOnlyForDeploymentPostprocessing = 0;
		};
/* End PBXResourcesBuildPhase section */

/* Begin PBXSourcesBuildPhase section */
		C74FC9D428A15E8F002CE03D /* Sources */ = {
			isa = PBXSourcesBuildPhase;
			buildActionMask = 2147483647;
			files = (
				C74FC9F128A15F33002CE03D /* SnakeGameViewModel.swift in Sources */,
				C74FC9EF28A15F2B002CE03D /* SnakeGameView.swift in Sources */,
				C74FC9ED28A15F25002CE03D /* SnakeGameModel.swift in Sources */,
				C74FC9DC28A15E8F002CE03D /* SnakeGameApp.swift in Sources */,
			);
			runOnlyForDeploymentPostprocessing = 0;
		};
/* End PBXSourcesBuildPhase section */

/* Begin XCBuildConfiguration section */
		C74FC9E428A15E90002CE03D /* Debug */ = {
			isa = XCBuildConfiguration;
			buildSettings = {
				ALWAYS_SEARCH_USER_PATHS = NO;
				CLANG_ANALYZER_NONNULL = YES;
				CLANG_ANALYZER_NUMBER_OBJECT_CONVERSION = YES_AGGRESSIVE;
				CLANG_CXX_LANGUAGE_STANDARD = "gnu++17";
				CLANG_ENABLE_MODULES = YES;
				CLANG_ENABLE_OBJC_ARC = YES;
				CLANG_ENABLE_OBJC_WEAK = YES;
				CLANG_WARN_BLOCK_CAPTURE_AUTORELEASING = YES;
				CLANG_WARN_BOOL_CONVERSION = YES;
				CLANG_WARN_COMMA = YES;
				CLANG_WARN_CONSTANT_CONVERSION = YES;
				CLANG_WARN_DEPRECATED_OBJC_IMPLEMENTATIONS = YES;
				CLANG_WARN_DIRECT_OBJC_ISA_USAGE = YES_ERROR;
				CLANG_WARN_DOCUMENTATION_COMMENTS = YES;
				CLANG_WARN_EMPTY_BODY = YES;
				CLANG_WARN_ENUM_CONVERSION = YES;
				CLANG_WARN_INFINITE_RECURSION = YES;
				CLANG_WARN_INT_CONVERSION = YES;
				CLANG_WARN_NON_LITERAL_NULL_CONVERSION = YES;
				CLANG_WARN_OBJC_IMPLICIT_RETAIN_SELF = YES;
				CLANG_WARN_OBJC_LITERAL_CONVERSION = YES;
				CLANG_WARN_OBJC_ROOT_CLASS = YES_ERROR;
				CLANG_WARN_QUOTED_INCLUDE_IN_FRAMEWORK_HEADER = YES;
				CLANG_WARN_RANGE_LOOP_ANALYSIS = YES;
				CLANG_WARN_STRICT_PROTOTYPES = YES;
				CLANG_WARN_SUSPICIOUS_MOVE = YES;
				CLANG_WARN_UNGUARDED_AVAILABILITY = YES_AGGRESSIVE;
				CLANG_WARN_UNREACHABLE_CODE = YES;
				CLANG_WARN__DUPLICATE_METHOD_MATCH = YES;
				COPY_PHASE_STRIP = NO;
				DEBUG_INFORMATION_FORMAT = dwarf;
				ENABLE_STRICT_OBJC_MSGSEND = YES;
				ENABLE_TESTABILITY = YES;
				GCC_C_LANGUAGE_STANDARD = gnu11;
				GCC_DYNAMIC_NO_PIC = NO;
				GCC_NO_COMMON_BLOCKS = YES;
				GCC_OPTIMIZATION_LEVEL = 0;
				GCC_PREPROCESSOR_DEFINITIONS = (
					"DEBUG=1",
					"$(inherited)",
				);
				GCC_WARN_64_TO_32_BIT_CONVERSION = YES;
				GCC_WARN_ABOUT_RETURN_TYPE = YES_ERROR;
				GCC_WARN_UNDECLARED_SELECTOR = YES;
				GCC_WARN_UNINITIALIZED_AUTOS = YES_AGGRESSIVE;
				GCC_WARN_UNUSED_FUNCTION = YES;
				GCC_WARN_UNUSED_VARIABLE = YES;
				IPHONEOS_DEPLOYMENT_TARGET = 15.4;
				MTL_ENABLE_DEBUG_INFO = INCLUDE_SOURCE;
				MTL_FAST_MATH = YES;
				ONLY_ACTIVE_ARCH = YES;
				SDKROOT = iphoneos;
				SWIFT_ACTIVE_COMPILATION_CONDITIONS = DEBUG;
				SWIFT_OPTIMIZATION_LEVEL = "-Onone";
			};
			name = Debug;
		};
		C74FC9E528A15E90002CE03D /* Release */ = {
			isa = XCBuildConfiguration;
			buildSettings = {
				ALWAYS_SEARCH_USER_PATHS = NO;
				CLANG_ANALYZER_NONNULL = YES;
				CLANG_ANALYZER_NUMBER_OBJECT_CONVERSION = YES_AGGRESSIVE;
				CLANG_CXX_LANGUAGE_STANDARD = "gnu++17";
				CLANG_ENABLE_MODULES = YES;
				CLANG_ENABLE_OBJC_ARC = YES;
				CLANG_ENABLE_OBJC_WEAK = YES;
				CLANG_WARN_BLOCK_CAPTURE_AUTORELEASING = YES;
				CLANG_WARN_BOOL_CONVERSION = YES;
				CLANG_WARN_COMMA = YES;
				CLANG_WARN_CONSTANT_CONVERSION = YES;
				CLANG_WARN_DEPRECATED_OBJC_IMPLEMENTATIONS = YES;
				CLANG_WARN_DIRECT_OBJC_ISA_USAGE = YES_ERROR;
				CLANG_WARN_DOCUMENTATION_COMMENTS = YES;
				CLANG_WARN_EMPTY_BODY = YES;
				CLANG_WARN_ENUM_CONVERSION = YES;
				CLANG_WARN_INFINITE_RECURSION = YES;
				CLANG_WARN_INT_CONVERSION = YES;
				CLANG_WARN_NON_LITERAL_NULL_CONVERSION = YES;
				CLANG_WARN_OBJC_IMPLICIT_RETAIN_SELF = YES;
				CLANG_WARN_OBJC_LITERAL_CONVERSION = YES;
				CLANG_WARN_OBJC_ROOT_CLASS = YES_ERROR;
				CLANG_WARN_QUOTED_INCLUDE_IN_FRAMEWORK_HEADER = YES;
				CLANG_WARN_RANGE_LOOP_ANALYSIS = YES;
				CLANG_WARN_STRICT_PROTOTYPES = YES;
				CLANG_WARN_SUSPICIOUS_MOVE = YES;
				CLANG_WARN_UNGUARDED_AVAILABILITY = YES_AGGRESSIVE;
				CLANG_WARN_UNREACHABLE_CODE = YES;
				CLANG_WARN__DUPLICATE_METHOD_MATCH = YES;
				COPY_PHASE_STRIP = NO;
				DEBUG_INFORMATION_FORMAT = "dwarf-with-dsym";
				ENABLE_NS_ASSERTIONS = NO;
				ENABLE_STRICT_OBJC_MSGSEND = YES;
				GCC_C_LANGUAGE_STANDARD = gnu11;
				GCC_NO_COMMON_BLOCKS = YES;
				GCC_WARN_64_TO_32_BIT_CONVERSION = YES;
				GCC_WARN_ABOUT_RETURN_TYPE = YES_ERROR;
				GCC_WARN_UNDECLARED_SELECTOR = YES;
				GCC_WARN_UNINITIALIZED_AUTOS = YES_AGGRESSIVE;
				GCC_WARN_UNUSED_FUNCTION = YES;
				GCC_WARN_UNUSED_VARIABLE = YES;
				IPHONEOS_DEPLOYMENT_TARGET = 15.4;
				MTL_ENABLE_DEBUG_INFO = NO;
				MTL_FAST_MATH = YES;
				SDKROOT = iphoneos;
				SWIFT_COMPILATION_MODE = wholemodule;
				SWIFT_OPTIMIZATION_LEVEL = "-O";
				VALIDATE_PRODUCT = YES;
			};
			name = Release;
		};
		C74FC9E728A15E90002CE03D /* Debug */ = {
			isa = XCBuildConfiguration;
			buildSettings = {
				ASSETCATALOG_COMPILER_APPICON_NAME = AppIcon;
				ASSETCATALOG_COMPILER_GLOBAL_ACCENT_COLOR_NAME = AccentColor;
				CODE_SIGN_STYLE = Automatic;
				CURRENT_PROJECT_VERSION = 1;
				DEVELOPMENT_ASSET_PATHS = "\"SnakeGame/Preview Content\"";
				DEVELOPMENT_TEAM = UTD4MS62RW;
				ENABLE_PREVIEWS = YES;
				GENERATE_INFOPLIST_FILE = YES;
				INFOPLIST_KEY_UIApplicationSceneManifest_Generation = YES;
				INFOPLIST_KEY_UIApplicationSupportsIndirectInputEvents = YES;
				INFOPLIST_KEY_UILaunchScreen_Generation = YES;
				INFOPLIST_KEY_UISupportedInterfaceOrientations_iPad = "UIInterfaceOrientationPortrait UIInterfaceOrientationPortraitUpsideDown UIInterfaceOrientationLandscapeLeft UIInterfaceOrientationLandscapeRight";
				INFOPLIST_KEY_UISupportedInterfaceOrientations_iPhone = "UIInterfaceOrientationPortrait UIInterfaceOrientationLandscapeLeft UIInterfaceOrientationLandscapeRight";
				LD_RUNPATH_SEARCH_PATHS = (
					"$(inherited)",
					"@executable_path/Frameworks",
				);
				MARKETING_VERSION = 1.0;
				PRODUCT_BUNDLE_IDENTIFIER = com.yasir.snakegame.SnakeGame;
				PRODUCT_NAME = "$(TARGET_NAME)";
				SWIFT_EMIT_LOC_STRINGS = YES;
				SWIFT_VERSION = 5.0;
				TARGETED_DEVICE_FAMILY = "1,2";
			};
			name = Debug;
		};
		C74FC9E828A15E90002CE03D /* Release */ = {
			isa = XCBuildConfiguration;
			buildSettings = {
				ASSETCATALOG_COMPILER_APPICON_NAME = AppIcon;
				ASSETCATALOG_COMPILER_GLOBAL_ACCENT_COLOR_NAME = AccentColor;
				CODE_SIGN_STYLE = Automatic;
				CURRENT_PROJECT_VERSION = 1;
				DEVELOPMENT_ASSET_PATHS = "\"SnakeGame/Preview Content\"";
				DEVELOPMENT_TEAM = UTD4MS62RW;
				ENABLE_PREVIEWS = YES;
				GENERATE_INFOPLIST_FILE = YES;
				INFOPLIST_KEY_UIApplicationSceneManifest_Generation = YES;
				INFOPLIST_KEY_UIApplicationSupportsIndirectInputEvents = YES;
				INFOPLIST_KEY_UILaunchScreen_Generation = YES;
				INFOPLIST_KEY_UISupportedInterfaceOrientations_iPad = "UIInterfaceOrientationPortrait UIInterfaceOrientationPortraitUpsideDown UIInterfaceOrientationLandscapeLeft UIInterfaceOrientationLandscapeRight";
				INFOPLIST_KEY_UISupportedInterfaceOrientations_iPhone = "UIInterfaceOrientationPortrait UIInterfaceOrientationLandscapeLeft UIInterfaceOrientationLandscapeRight";
				LD_RUNPATH_SEARCH_PATHS = (
					"$(inherited)",
					"@executable_path/Frameworks",
				);
				MARKETING_VERSION = 1.0;
				PRODUCT_BUNDLE_IDENTIFIER = com.yasir.snakegame.SnakeGame;
				PRODUCT_NAME = "$(TARGET_NAME)";
				SWIFT_EMIT_LOC_STRINGS = YES;
				SWIFT_VERSION = 5.0;
				TARGETED_DEVICE_FAMILY = "1,2";
			};
			name = Release;
		};
/* End XCBuildConfiguration section */

/* Begin XCConfigurationList section */
		C74FC9D328A15E8F002CE03D /* Build configuration list for PBXProject "SnakeGame" */ = {
			isa = XCConfigurationList;
			buildConfigurations = (
				C74FC9E428A15E90002CE03D /* Debug */,
				C74FC9E528A15E90002CE03D /* Release */,
			);
			defaultConfigurationIsVisible = 0;
			defaultConfigurationName = Release;
		};
		C74FC9E628A15E90002CE03D /* Build configuration list for PBXNativeTarget "SnakeGame" */ = {
			isa = XCConfigurationList;
			buildConfigurations = (
				C74FC9E728A15E90002CE03D /* Debug */,
				C74FC9E828A15E90002CE03D /* Release */,
			);
			defaultConfigurationIsVisible = 0;
			defaultConfigurationName = Release;
		};
/* End XCConfigurationList section */
	};
	rootObject = C74FC9D028A15E8E002CE03D /* Project object */;
}
